
Microsoft Visual Studio Solution File, Format Version 12.00
# Visual Studio Version 16
VisualStudioVersion = 16.0.31702.278
MinimumVisualStudioVersion = 10.0.40219.1
Project("{FAE04EC0-301F-11D3-BF4B-00C04F79EFBC}") = "Lab_13_2.12", "Lab_13_2.12\Lab_13_2.12.csproj", "{E3E30B44-D9F2-49E5-ACC1-1A7174D8B031}"
EndProject
Global
	GlobalSection(SolutionConfigurationPlatforms) = preSolution
		Debug|Any CPU = Debug|Any CPU
		Release|Any CPU = Release|Any CPU
	EndGlobalSection
	GlobalSection(ProjectConfigurationPlatforms) = postSolution
		{E3E30B44-D9F2-49E5-ACC1-1A7174D8B031}.Debug|Any CPU.ActiveCfg = Debug|Any CPU
		{E3E30B44-D9F2-49E5-ACC1-1A7174D8B031}.Debug|Any CPU.Build.0 = Debug|Any CPU
		{E3E30B44-D9F2-49E5-ACC1-1A7174D8B031}.Release|Any CPU.ActiveCfg = Release|Any CPU
		{E3E30B44-D9F2-49E5-ACC1-1A7174D8B031}.Release|Any CPU.Build.0 = Release|Any CPU
	EndGlobalSection
	GlobalSection(SolutionProperties) = preSolution
		HideSolutionNode = FALSE
	EndGlobalSection
	GlobalSection(ExtensibilityGlobals) = postSolution
		SolutionGuid = {B61626E6-14FC-44A8-A2BB-582EFE5296D5}
	EndGlobalSection
EndGlobal
